{
  "name": "typescript-tipos_avanzados_y_funciones",
  "version": "1.0.0",
  "lockfileVersion": 3,
  "requires": true,
  "packages": {
    "": {
      "name": "typescript-tipos_avanzados_y_funciones",
      "version": "1.0.0",
      "license": "ISC",
      "dependencies": {
        "@capacitor/camera": "^5.0.9"
      },
      "devDependencies": {
        "@faker-js/faker": "^8.4.1",
        "typescript": "^5.4.2"
      }
    },
    "node_modules/@capacitor/camera": {
      "version": "5.0.9",
      "resolved": "https://registry.npmjs.org/@capacitor/camera/-/camera-5.0.9.tgz",
      "integrity": "sha512-ibuctDzQWVABnJCtIuiFdVYvLbiQNln9gKMZGNN0bZ6oSqoxzDlN7etueJwyFaaRZZlVrXc/sMWuhOkeVJEHcQ==",
      "peerDependencies": {
        "@capacitor/core": "^5.0.0"
      }
    },
    "node_modules/@capacitor/core": {
      "version": "5.7.2",
      "resolved": "https://registry.npmjs.org/@capacitor/core/-/core-5.7.2.tgz",
      "integrity": "sha512-/OUtfINmk7ke32VtKIHRAy8NlunbeK+aCqCHOS+fvtr7nUsOJXPkYgbgqZp/CWXET/gSK1xxMecaVBzpE98UKA==",
      "peer": true,
      "dependencies": {
        "tslib": "^2.1.0"
      }
    },
    "node_modules/@faker-js/faker": {
      "version": "8.4.1",
      "resolved": "https://registry.npmjs.org/@faker-js/faker/-/faker-8.4.1.tgz",
      "integrity": "sha512-XQ3cU+Q8Uqmrbf2e0cIC/QN43sTBSC8KF12u29Mb47tWrt2hAgBXSgpZMj4Ao8Uk0iJcU99QsOCaIL8934obCg==",
      "dev": true,
      "funding": [
        {
          "type": "opencollective",
          "url": "https://opencollective.com/fakerjs"
        }
      ],
      "engines": {
        "node": "^14.17.0 || ^16.13.0 || >=18.0.0",
        "npm": ">=6.14.13"
      }
    },
    "node_modules/tslib": {
      "version": "2.6.2",
      "resolved": "https://registry.npmjs.org/tslib/-/tslib-2.6.2.tgz",
      "integrity": "sha512-AEYxH93jGFPn/a2iVAwW87VuUIkR1FVUKB77NwMF7nBTDkDrrT/Hpt/IrCJ0QXhW27jTBDcf5ZY7w6RiqTMw2Q==",
      "peer": true
    },
    "node_modules/typescript": {
      "version": "5.4.2",
      "resolved": "https://registry.npmjs.org/typescript/-/typescript-5.4.2.tgz",
      "integrity": "sha512-+2/g0Fds1ERlP6JsakQQDXjZdZMM+rqpamFZJEKh4kwTIn3iDkgKtby0CeNd5ATNZ4Ry1ax15TMx0W2V+miizQ==",
      "dev": true,
      "bin": {
        "tsc": "bin/tsc",
        "tsserver": "bin/tsserver"
      },
      "engines": {
        "node": ">=14.17"
      }
    }
  }
}
